# This file was autogenerated by Stack.
# You should not edit this file by hand.
# For more information, please see the documentation at:
#   https://docs.haskellstack.org/en/stable/lock_files

packages:
- completed:
    hackage: vty-5.33@sha256:8da1652d64e24c9e011384628de340b2877f0148de7ef57baf66cd2e9a35c6c6,22294
    pantry-tree:
      size: 5393
      sha256: f83f9245266d28f8521227cf551d6498a4ad7b22f1ac98c5992c287e6fc06d08
  original:
    hackage: vty-5.33
- completed:
    hackage: array-0.5.4.0@sha256:2b2425e01d592c0e66594c008405ea4c6f6e4d929daeddabbd81be9bb49ebffa,1588
    pantry-tree:
      size: 1135
      sha256: e17dfafde2f226674cffd56b1f445c332b6e5855860f79dedd9de0b6916e7ff0
  original:
    hackage: array-0.5.4.0
- completed:
    hackage: process-1.6.9.0@sha256:372de796fea9d40e6d02269d5df466c9b8d641f145fad3c1add59db7baeea19e,2576
    pantry-tree:
      size: 1211
      sha256: 9d21df864535dcc65e11fd108c4678fdadf2d53bb9ffd1fda142369c797f31c1
  original:
    hackage: process-1.6.9.0
- completed:
    hackage: ansi-terminal-0.11@sha256:97470250c92aae14c4c810d7f664c532995ba8910e2ad797b29f22ad0d2d0194,3307
    pantry-tree:
      size: 1461
      sha256: 4098c4b8bb503fcf0730aedc8247a479d3e22fd1fe4c6b4b2b2b5da30bdfb713
  original:
    hackage: ansi-terminal-0.11
- completed:
    hackage: optparse-applicative-0.16.1.0@sha256:16ebd7054b2265c1aad16c1d19dc503695fbfc67b35203d9952fd577d08c0110,4982
    pantry-tree:
      size: 2979
      sha256: 0d4a0d442f7f25d35e88f5f30099763c512e3c8fefe2ebccebd82cead4000021
  original:
    hackage: optparse-applicative-0.16.1.0
- completed:
    hackage: mtl-2.2.2@sha256:1050fb71acd9f5d67da7d992583f5bd0eb14407b9dc7acc122af1b738b706ca3,2261
    pantry-tree:
      size: 1713
      sha256: b8bdc2259e2f943a7252fb164805666fe108ac959d398e0af27b43ba2ebc241c
  original:
    hackage: mtl-2.2.2
snapshots:
- completed:
    size: 587113
    url: https://raw.githubusercontent.com/commercialhaskell/stackage-snapshots/master/lts/18/6.yaml
    sha256: f74c482d7c93739ecf3abfbc0f2dea1c20a2dfb2462c689846ed55a9653b66f7
  original: lts-18.6
